// !$*UTF8*$!
{
	archiveVersion = 1;
	classes = {
	};
	objectVersion = 55;
	objects = {

/* Begin PBXBuildFile section */
		762E47F428573CEF00ECAA31 /* TextFieldWithPadding.swift in Sources */ = {isa = PBXBuildFile; fileRef = 762E47F328573CEF00ECAA31 /* TextFieldWithPadding.swift */; };
		762E47F62858B6BE00ECAA31 /* LogInViewController.swift in Sources */ = {isa = PBXBuildFile; fileRef = 762E47F52858B6BE00ECAA31 /* LogInViewController.swift */; };
		762E47FC285B824D00ECAA31 /* PostTableViewCell.swift in Sources */ = {isa = PBXBuildFile; fileRef = 762E47FB285B824D00ECAA31 /* PostTableViewCell.swift */; };
		7630D2F7284CB78600331B0E /* ProfileHeaderView.swift in Sources */ = {isa = PBXBuildFile; fileRef = 7630D2F6284CB78600331B0E /* ProfileHeaderView.swift */; };
		763AE9B1298BE2C000E18171 /* User.swift in Sources */ = {isa = PBXBuildFile; fileRef = 763AE9B0298BE2C000E18171 /* User.swift */; };
		763AE9B3298BE97200E18171 /* UserService.swift in Sources */ = {isa = PBXBuildFile; fileRef = 763AE9B2298BE97200E18171 /* UserService.swift */; };
		766F2830297025900062BC07 /* PhotosTableViewCell.swift in Sources */ = {isa = PBXBuildFile; fileRef = 766F282F297025900062BC07 /* PhotosTableViewCell.swift */; };
		7675562A283FA95A00E1F03A /* AppDelegate.swift in Sources */ = {isa = PBXBuildFile; fileRef = 76755629283FA95A00E1F03A /* AppDelegate.swift */; };
		7675562C283FA95A00E1F03A /* SceneDelegate.swift in Sources */ = {isa = PBXBuildFile; fileRef = 7675562B283FA95A00E1F03A /* SceneDelegate.swift */; };
		76755633283FA95F00E1F03A /* Assets.xcassets in Resources */ = {isa = PBXBuildFile; fileRef = 76755632283FA95F00E1F03A /* Assets.xcassets */; };
		76755636283FA95F00E1F03A /* LaunchScreen.storyboard in Resources */ = {isa = PBXBuildFile; fileRef = 76755634283FA95F00E1F03A /* LaunchScreen.storyboard */; };
		7675564A284100D300E1F03A /* FeedViewController.swift in Sources */ = {isa = PBXBuildFile; fileRef = 76755649284100D300E1F03A /* FeedViewController.swift */; };
		7675564C2841256100E1F03A /* ProfileViewController.swift in Sources */ = {isa = PBXBuildFile; fileRef = 7675564B2841256100E1F03A /* ProfileViewController.swift */; };
		7675564E284136D300E1F03A /* PostViewController.swift in Sources */ = {isa = PBXBuildFile; fileRef = 7675564D284136D300E1F03A /* PostViewController.swift */; };
		76940C2429ADED350013F10E /* NetworkService.swift in Sources */ = {isa = PBXBuildFile; fileRef = 76940C2329ADED350013F10E /* NetworkService.swift */; };
		76A98136299FB186002EB8C8 /* MusicViewController.swift in Sources */ = {isa = PBXBuildFile; fileRef = 76A98135299FB186002EB8C8 /* MusicViewController.swift */; };
		76A9813A299FBD8D002EB8C8 /* Queen.mp3 in Resources */ = {isa = PBXBuildFile; fileRef = 76A98139299FBD8D002EB8C8 /* Queen.mp3 */; };
		76A9813F299FE901002EB8C8 /* lone_-_ey_bro.mp3 in Resources */ = {isa = PBXBuildFile; fileRef = 76A9813B299FE8FF002EB8C8 /* lone_-_ey_bro.mp3 */; };
		76A98140299FE901002EB8C8 /* maks_korzh_-_amsterdam.mp3 in Resources */ = {isa = PBXBuildFile; fileRef = 76A9813C299FE900002EB8C8 /* maks_korzh_-_amsterdam.mp3 */; };
		76A98141299FE901002EB8C8 /* Noize_MC_-_Vsjo_kak_u_lyudejj.mp3 in Resources */ = {isa = PBXBuildFile; fileRef = 76A9813D299FE900002EB8C8 /* Noize_MC_-_Vsjo_kak_u_lyudejj.mp3 */; };
		76A98142299FE901002EB8C8 /* Каста - Выходи Гулять.mp3 in Resources */ = {isa = PBXBuildFile; fileRef = 76A9813E299FE901002EB8C8 /* Каста - Выходи Гулять.mp3 */; };
		76ACA65829A1402A00CF3017 /* MusicData.swift in Sources */ = {isa = PBXBuildFile; fileRef = 76ACA65729A1402A00CF3017 /* MusicData.swift */; };
		76ACA65B29A2518800CF3017 /* VideoViewController.swift in Sources */ = {isa = PBXBuildFile; fileRef = 76ACA65A29A2518800CF3017 /* VideoViewController.swift */; };
		76ACA65D29A2522600CF3017 /* VideoTableViewCell.swift in Sources */ = {isa = PBXBuildFile; fileRef = 76ACA65C29A2522600CF3017 /* VideoTableViewCell.swift */; };
		76ACA66129A252A800CF3017 /* VideoData.swift in Sources */ = {isa = PBXBuildFile; fileRef = 76ACA66029A252A800CF3017 /* VideoData.swift */; };
		76ACA66429A4963700CF3017 /* YouTubeiOSPlayerHelper in Frameworks */ = {isa = PBXBuildFile; productRef = 76ACA66329A4963700CF3017 /* YouTubeiOSPlayerHelper */; };
		76AE59E2297E8AD600C8C31B /* StorageService.docc in Sources */ = {isa = PBXBuildFile; fileRef = 76AE59E1297E8AD600C8C31B /* StorageService.docc */; };
		76AE59E8297E8AD700C8C31B /* StorageService.framework in Frameworks */ = {isa = PBXBuildFile; fileRef = 76AE59DE297E8AD600C8C31B /* StorageService.framework */; };
		76AE59EF297E8AD700C8C31B /* StorageServiceTests.swift in Sources */ = {isa = PBXBuildFile; fileRef = 76AE59EE297E8AD700C8C31B /* StorageServiceTests.swift */; };
		76AE59F0297E8AD700C8C31B /* StorageService.h in Headers */ = {isa = PBXBuildFile; fileRef = 76AE59E0297E8AD600C8C31B /* StorageService.h */; settings = {ATTRIBUTES = (Public, ); }; };
		76AE59F3297E8AD700C8C31B /* StorageService.framework in Frameworks */ = {isa = PBXBuildFile; fileRef = 76AE59DE297E8AD600C8C31B /* StorageService.framework */; };
		76AE59F4297E8AD700C8C31B /* StorageService.framework in Embed Frameworks */ = {isa = PBXBuildFile; fileRef = 76AE59DE297E8AD600C8C31B /* StorageService.framework */; settings = {ATTRIBUTES = (CodeSignOnCopy, RemoveHeadersOnCopy, ); }; };
		76AE59FC297E8B6100C8C31B /* Post.swift in Sources */ = {isa = PBXBuildFile; fileRef = 76B7C7452841EB1400524F3F /* Post.swift */; };
		76AE59FE297E93E600C8C31B /* PostData.swift in Sources */ = {isa = PBXBuildFile; fileRef = 762E47F9285B5AB000ECAA31 /* PostData.swift */; };
		76AE5A00297EA26200C8C31B /* Configuration.swift in Sources */ = {isa = PBXBuildFile; fileRef = 76AE59FF297EA26200C8C31B /* Configuration.swift */; };
		76B4B6EB297417B400500F00 /* PhotosViewController.swift in Sources */ = {isa = PBXBuildFile; fileRef = 76B4B6EA297417B400500F00 /* PhotosViewController.swift */; };
		76B4B6EE29746B6700500F00 /* PhotosCollectionViewCell.swift in Sources */ = {isa = PBXBuildFile; fileRef = 76B4B6ED29746B6700500F00 /* PhotosCollectionViewCell.swift */; };
		76B4B6F029746FBB00500F00 /* PhotoData.swift in Sources */ = {isa = PBXBuildFile; fileRef = 76B4B6EF29746FBB00500F00 /* PhotoData.swift */; };
		76B63AD5298D2F7000BB30CC /* Checker.swift in Sources */ = {isa = PBXBuildFile; fileRef = 76B63AD4298D2F7000BB30CC /* Checker.swift */; };
		76B63AD7298D486600BB30CC /* LoginInspector.swift in Sources */ = {isa = PBXBuildFile; fileRef = 76B63AD6298D486600BB30CC /* LoginInspector.swift */; };
		76B7C7482841FF5800524F3F /* InfoViewController.swift in Sources */ = {isa = PBXBuildFile; fileRef = 76B7C7472841FF5800524F3F /* InfoViewController.swift */; };
		76B869BB298E990A00CA29E3 /* LoginFactory.swift in Sources */ = {isa = PBXBuildFile; fileRef = 76B869BA298E990A00CA29E3 /* LoginFactory.swift */; };
		76B869BE29910B0500CA29E3 /* iOSIntPackage in Frameworks */ = {isa = PBXBuildFile; productRef = 76B869BD29910B0500CA29E3 /* iOSIntPackage */; };
		76B869C12992579200CA29E3 /* CustomButton.swift in Sources */ = {isa = PBXBuildFile; fileRef = 76B869C02992579200CA29E3 /* CustomButton.swift */; };
		76B869C329927D4D00CA29E3 /* FeedModel.swift in Sources */ = {isa = PBXBuildFile; fileRef = 76B869C229927D4D00CA29E3 /* FeedModel.swift */; };
		76B869C72993D01800CA29E3 /* Coordinatable.swift in Sources */ = {isa = PBXBuildFile; fileRef = 76B869C62993D01800CA29E3 /* Coordinatable.swift */; };
		76B869C92993D09C00CA29E3 /* AppCoordinator.swift in Sources */ = {isa = PBXBuildFile; fileRef = 76B869C82993D09C00CA29E3 /* AppCoordinator.swift */; };
		76C1C69E2A1CB518000A8EFC /* Navigation_NebesniyTests.swift in Sources */ = {isa = PBXBuildFile; fileRef = 76C1C69D2A1CB518000A8EFC /* Navigation_NebesniyTests.swift */; };
		76C1C6A52A1CB624000A8EFC /* FeedViewModelTest.swift in Sources */ = {isa = PBXBuildFile; fileRef = 76C1C6A42A1CB624000A8EFC /* FeedViewModelTest.swift */; };
		76C1C6B92A1E0D71000A8EFC /* Realm in Frameworks */ = {isa = PBXBuildFile; productRef = 76C1C6B82A1E0D71000A8EFC /* Realm */; };
		76C1C6BB2A1E0E49000A8EFC /* RealmSwift in Frameworks */ = {isa = PBXBuildFile; productRef = 76C1C6BA2A1E0E49000A8EFC /* RealmSwift */; };
		76C1C6BD2A1E0EA6000A8EFC /* YouTubeiOSPlayerHelper in Frameworks */ = {isa = PBXBuildFile; productRef = 76C1C6BC2A1E0EA6000A8EFC /* YouTubeiOSPlayerHelper */; };
		76C6D02C29CC6F58004185D7 /* Realm in Frameworks */ = {isa = PBXBuildFile; productRef = 76C6D02B29CC6F58004185D7 /* Realm */; };
		76C6D02E29CC6F58004185D7 /* RealmSwift in Frameworks */ = {isa = PBXBuildFile; productRef = 76C6D02D29CC6F58004185D7 /* RealmSwift */; };
		76C6D03129CC70DF004185D7 /* RealmService.swift in Sources */ = {isa = PBXBuildFile; fileRef = 76C6D03029CC70DF004185D7 /* RealmService.swift */; };
		76C6D03329CC70FB004185D7 /* LoginRealmModel.swift in Sources */ = {isa = PBXBuildFile; fileRef = 76C6D03229CC70FB004185D7 /* LoginRealmModel.swift */; };
		76C6D03529CC727F004185D7 /* LoginDataModel.swift in Sources */ = {isa = PBXBuildFile; fileRef = 76C6D03429CC727F004185D7 /* LoginDataModel.swift */; };
		76CA1A8129CD9110008A2CD0 /* LikeCoordinator.swift in Sources */ = {isa = PBXBuildFile; fileRef = 76CA1A8029CD9110008A2CD0 /* LikeCoordinator.swift */; };
		76CA1A8329CD91B6008A2CD0 /* LikeViewController.swift in Sources */ = {isa = PBXBuildFile; fileRef = 76CA1A8229CD91B6008A2CD0 /* LikeViewController.swift */; };
		76CA1A8629D16370008A2CD0 /* Navigation_Nebesniy.xcdatamodeld in Sources */ = {isa = PBXBuildFile; fileRef = 76CA1A8429D16370008A2CD0 /* Navigation_Nebesniy.xcdatamodeld */; };
		76CA1A8829D16815008A2CD0 /* CoreDataService.swift in Sources */ = {isa = PBXBuildFile; fileRef = 76CA1A8729D16815008A2CD0 /* CoreDataService.swift */; };
		76CA1A8A29D1733C008A2CD0 /* StringExtention.swift in Sources */ = {isa = PBXBuildFile; fileRef = 76CA1A8929D1733C008A2CD0 /* StringExtention.swift */; };
		76CA1A8C29D2FE0B008A2CD0 /* Alerts.swift in Sources */ = {isa = PBXBuildFile; fileRef = 76CA1A8B29D2FE0B008A2CD0 /* Alerts.swift */; };
		76D287CC2993DFAF0068A85E /* loginCoordinator.swift in Sources */ = {isa = PBXBuildFile; fileRef = 76D287CB2993DFAE0068A85E /* loginCoordinator.swift */; };
		76D287CE2993DFEC0068A85E /* feedCoordinator.swift in Sources */ = {isa = PBXBuildFile; fileRef = 76D287CD2993DFEC0068A85E /* feedCoordinator.swift */; };
		76D287D12993E0960068A85E /* tapBarController.swift in Sources */ = {isa = PBXBuildFile; fileRef = 76D287D02993E0960068A85E /* tapBarController.swift */; };
		76D287D32994F9960068A85E /* Modul.swift in Sources */ = {isa = PBXBuildFile; fileRef = 76D287D22994F9960068A85E /* Modul.swift */; };
		76D287D5299503A90068A85E /* FeedViewModel.swift in Sources */ = {isa = PBXBuildFile; fileRef = 76D287D4299503A90068A85E /* FeedViewModel.swift */; };
		76D287DB299636C30068A85E /* FeedView.swift in Sources */ = {isa = PBXBuildFile; fileRef = 76D287DA299636C30068A85E /* FeedView.swift */; };
		76DEAB5729B08C1C00451B10 /* JSONData.swift in Sources */ = {isa = PBXBuildFile; fileRef = 76DEAB5629B08C1C00451B10 /* JSONData.swift */; };
		76E15B582A1E37840047DF7F /* LoginViewModel.swift in Sources */ = {isa = PBXBuildFile; fileRef = 76E15B572A1E37840047DF7F /* LoginViewModel.swift */; };
		76E15B5A2A1F2CA90047DF7F /* LoginView.swift in Sources */ = {isa = PBXBuildFile; fileRef = 76E15B592A1F2CA90047DF7F /* LoginView.swift */; };
		76E15B5E2A1F6B8C0047DF7F /* LoginViewModelTest.swift in Sources */ = {isa = PBXBuildFile; fileRef = 76E15B5D2A1F6B8C0047DF7F /* LoginViewModelTest.swift */; };
		76E15B622A246A8E0047DF7F /* LocalAuthorizationService.swift in Sources */ = {isa = PBXBuildFile; fileRef = 76E15B612A246A8D0047DF7F /* LocalAuthorizationService.swift */; };
		76E15B642A2487120047DF7F /* FaceIDError.swift in Sources */ = {isa = PBXBuildFile; fileRef = 76E15B632A2487120047DF7F /* FaceIDError.swift */; };
/* End PBXBuildFile section */

/* Begin PBXContainerItemProxy section */
		76AE59E9297E8AD700C8C31B /* PBXContainerItemProxy */ = {
			isa = PBXContainerItemProxy;
			containerPortal = 7675561E283FA95A00E1F03A /* Project object */;
			proxyType = 1;
			remoteGlobalIDString = 76AE59DD297E8AD600C8C31B;
			remoteInfo = StorageService;
		};
		76AE59EB297E8AD700C8C31B /* PBXContainerItemProxy */ = {
			isa = PBXContainerItemProxy;
			containerPortal = 7675561E283FA95A00E1F03A /* Project object */;
			proxyType = 1;
			remoteGlobalIDString = 76755625283FA95A00E1F03A;
			remoteInfo = Navigation_Nebesniy;
		};
		76AE59F1297E8AD700C8C31B /* PBXContainerItemProxy */ = {
			isa = PBXContainerItemProxy;
			containerPortal = 7675561E283FA95A00E1F03A /* Project object */;
			proxyType = 1;
			remoteGlobalIDString = 76AE59DD297E8AD600C8C31B;
			remoteInfo = StorageService;
		};
		76C1C69F2A1CB518000A8EFC /* PBXContainerItemProxy */ = {
			isa = PBXContainerItemProxy;
			containerPortal = 7675561E283FA95A00E1F03A /* Project object */;
			proxyType = 1;
			remoteGlobalIDString = 76755625283FA95A00E1F03A;
			remoteInfo = Navigation_Nebesniy;
		};
/* End PBXContainerItemProxy section */

/* Begin PBXCopyFilesBuildPhase section */
		76AE59F8297E8AD700C8C31B /* Embed Frameworks */ = {
			isa = PBXCopyFilesBuildPhase;
			buildActionMask = 2147483647;
			dstPath = "";
			dstSubfolderSpec = 10;
			files = (
				76AE59F4297E8AD700C8C31B /* StorageService.framework in Embed Frameworks */,
			);
			name = "Embed Frameworks";
			runOnlyForDeploymentPostprocessing = 0;
		};
/* End PBXCopyFilesBuildPhase section */

/* Begin PBXFileReference section */
		762E47F328573CEF00ECAA31 /* TextFieldWithPadding.swift */ = {isa = PBXFileReference; lastKnownFileType = sourcecode.swift; name = TextFieldWithPadding.swift; path = Navigation_Nebesniy/TextFieldWithPadding.swift; sourceTree = SOURCE_ROOT; };
		762E47F52858B6BE00ECAA31 /* LogInViewController.swift */ = {isa = PBXFileReference; lastKnownFileType = sourcecode.swift; path = LogInViewController.swift; sourceTree = "<group>"; };
		762E47F9285B5AB000ECAA31 /* PostData.swift */ = {isa = PBXFileReference; lastKnownFileType = sourcecode.swift; path = PostData.swift; sourceTree = "<group>"; };
		762E47FB285B824D00ECAA31 /* PostTableViewCell.swift */ = {isa = PBXFileReference; lastKnownFileType = sourcecode.swift; path = PostTableViewCell.swift; sourceTree = "<group>"; };
		7630D2F6284CB78600331B0E /* ProfileHeaderView.swift */ = {isa = PBXFileReference; lastKnownFileType = sourcecode.swift; path = ProfileHeaderView.swift; sourceTree = "<group>"; };
		763AE9B0298BE2C000E18171 /* User.swift */ = {isa = PBXFileReference; lastKnownFileType = sourcecode.swift; path = User.swift; sourceTree = "<group>"; };
		763AE9B2298BE97200E18171 /* UserService.swift */ = {isa = PBXFileReference; lastKnownFileType = sourcecode.swift; path = UserService.swift; sourceTree = "<group>"; };
		766F282F297025900062BC07 /* PhotosTableViewCell.swift */ = {isa = PBXFileReference; lastKnownFileType = sourcecode.swift; path = PhotosTableViewCell.swift; sourceTree = "<group>"; };
		76755626283FA95A00E1F03A /* Navigation_Nebesniy.app */ = {isa = PBXFileReference; explicitFileType = wrapper.application; includeInIndex = 0; path = Navigation_Nebesniy.app; sourceTree = BUILT_PRODUCTS_DIR; };
		76755629283FA95A00E1F03A /* AppDelegate.swift */ = {isa = PBXFileReference; lastKnownFileType = sourcecode.swift; path = AppDelegate.swift; sourceTree = "<group>"; };
		7675562B283FA95A00E1F03A /* SceneDelegate.swift */ = {isa = PBXFileReference; lastKnownFileType = sourcecode.swift; path = SceneDelegate.swift; sourceTree = "<group>"; };
		76755632283FA95F00E1F03A /* Assets.xcassets */ = {isa = PBXFileReference; lastKnownFileType = folder.assetcatalog; path = Assets.xcassets; sourceTree = "<group>"; };
		76755635283FA95F00E1F03A /* Base */ = {isa = PBXFileReference; lastKnownFileType = file.storyboard; name = Base; path = Base.lproj/LaunchScreen.storyboard; sourceTree = "<group>"; };
		76755637283FA95F00E1F03A /* Info.plist */ = {isa = PBXFileReference; lastKnownFileType = text.plist.xml; path = Info.plist; sourceTree = "<group>"; };
		76755649284100D300E1F03A /* FeedViewController.swift */ = {isa = PBXFileReference; lastKnownFileType = sourcecode.swift; path = FeedViewController.swift; sourceTree = "<group>"; };
		7675564B2841256100E1F03A /* ProfileViewController.swift */ = {isa = PBXFileReference; lastKnownFileType = sourcecode.swift; path = ProfileViewController.swift; sourceTree = "<group>"; };
		7675564D284136D300E1F03A /* PostViewController.swift */ = {isa = PBXFileReference; lastKnownFileType = sourcecode.swift; path = PostViewController.swift; sourceTree = "<group>"; };
		76940C2329ADED350013F10E /* NetworkService.swift */ = {isa = PBXFileReference; lastKnownFileType = sourcecode.swift; path = NetworkService.swift; sourceTree = "<group>"; };
		76A98135299FB186002EB8C8 /* MusicViewController.swift */ = {isa = PBXFileReference; lastKnownFileType = sourcecode.swift; path = MusicViewController.swift; sourceTree = "<group>"; };
		76A98139299FBD8D002EB8C8 /* Queen.mp3 */ = {isa = PBXFileReference; lastKnownFileType = audio.mp3; path = Queen.mp3; sourceTree = "<group>"; };
		76A9813B299FE8FF002EB8C8 /* lone_-_ey_bro.mp3 */ = {isa = PBXFileReference; lastKnownFileType = audio.mp3; path = "lone_-_ey_bro.mp3"; sourceTree = "<group>"; };
		76A9813C299FE900002EB8C8 /* maks_korzh_-_amsterdam.mp3 */ = {isa = PBXFileReference; lastKnownFileType = audio.mp3; path = "maks_korzh_-_amsterdam.mp3"; sourceTree = "<group>"; };
		76A9813D299FE900002EB8C8 /* Noize_MC_-_Vsjo_kak_u_lyudejj.mp3 */ = {isa = PBXFileReference; lastKnownFileType = audio.mp3; path = "Noize_MC_-_Vsjo_kak_u_lyudejj.mp3"; sourceTree = "<group>"; };
		76A9813E299FE901002EB8C8 /* Каста - Выходи Гулять.mp3 */ = {isa = PBXFileReference; lastKnownFileType = audio.mp3; path = "Каста - Выходи Гулять.mp3"; sourceTree = "<group>"; };
		76ACA65729A1402A00CF3017 /* MusicData.swift */ = {isa = PBXFileReference; lastKnownFileType = sourcecode.swift; path = MusicData.swift; sourceTree = "<group>"; };
		76ACA65A29A2518800CF3017 /* VideoViewController.swift */ = {isa = PBXFileReference; lastKnownFileType = sourcecode.swift; path = VideoViewController.swift; sourceTree = "<group>"; };
		76ACA65C29A2522600CF3017 /* VideoTableViewCell.swift */ = {isa = PBXFileReference; lastKnownFileType = sourcecode.swift; path = VideoTableViewCell.swift; sourceTree = "<group>"; };
		76ACA66029A252A800CF3017 /* VideoData.swift */ = {isa = PBXFileReference; lastKnownFileType = sourcecode.swift; path = VideoData.swift; sourceTree = "<group>"; };
		76AE59DE297E8AD600C8C31B /* StorageService.framework */ = {isa = PBXFileReference; explicitFileType = wrapper.framework; includeInIndex = 0; path = StorageService.framework; sourceTree = BUILT_PRODUCTS_DIR; };
		76AE59E0297E8AD600C8C31B /* StorageService.h */ = {isa = PBXFileReference; lastKnownFileType = sourcecode.c.h; path = StorageService.h; sourceTree = "<group>"; };
		76AE59E1297E8AD600C8C31B /* StorageService.docc */ = {isa = PBXFileReference; lastKnownFileType = folder.documentationcatalog; path = StorageService.docc; sourceTree = "<group>"; };
		76AE59E7297E8AD700C8C31B /* StorageServiceTests.xctest */ = {isa = PBXFileReference; explicitFileType = wrapper.cfbundle; includeInIndex = 0; path = StorageServiceTests.xctest; sourceTree = BUILT_PRODUCTS_DIR; };
		76AE59EE297E8AD700C8C31B /* StorageServiceTests.swift */ = {isa = PBXFileReference; lastKnownFileType = sourcecode.swift; path = StorageServiceTests.swift; sourceTree = "<group>"; };
		76AE59FF297EA26200C8C31B /* Configuration.swift */ = {isa = PBXFileReference; lastKnownFileType = sourcecode.swift; path = Configuration.swift; sourceTree = "<group>"; };
		76B4B6EA297417B400500F00 /* PhotosViewController.swift */ = {isa = PBXFileReference; lastKnownFileType = sourcecode.swift; path = PhotosViewController.swift; sourceTree = "<group>"; };
		76B4B6ED29746B6700500F00 /* PhotosCollectionViewCell.swift */ = {isa = PBXFileReference; lastKnownFileType = sourcecode.swift; path = PhotosCollectionViewCell.swift; sourceTree = "<group>"; };
		76B4B6EF29746FBB00500F00 /* PhotoData.swift */ = {isa = PBXFileReference; lastKnownFileType = sourcecode.swift; path = PhotoData.swift; sourceTree = "<group>"; };
		76B63AD4298D2F7000BB30CC /* Checker.swift */ = {isa = PBXFileReference; lastKnownFileType = sourcecode.swift; path = Checker.swift; sourceTree = "<group>"; };
		76B63AD6298D486600BB30CC /* LoginInspector.swift */ = {isa = PBXFileReference; lastKnownFileType = sourcecode.swift; path = LoginInspector.swift; sourceTree = "<group>"; };
		76B7C7452841EB1400524F3F /* Post.swift */ = {isa = PBXFileReference; lastKnownFileType = sourcecode.swift; path = Post.swift; sourceTree = "<group>"; };
		76B7C7472841FF5800524F3F /* InfoViewController.swift */ = {isa = PBXFileReference; lastKnownFileType = sourcecode.swift; path = InfoViewController.swift; sourceTree = "<group>"; };
		76B869BA298E990A00CA29E3 /* LoginFactory.swift */ = {isa = PBXFileReference; lastKnownFileType = sourcecode.swift; path = LoginFactory.swift; sourceTree = "<group>"; };
		76B869C02992579200CA29E3 /* CustomButton.swift */ = {isa = PBXFileReference; lastKnownFileType = sourcecode.swift; path = CustomButton.swift; sourceTree = "<group>"; };
		76B869C229927D4D00CA29E3 /* FeedModel.swift */ = {isa = PBXFileReference; lastKnownFileType = sourcecode.swift; path = FeedModel.swift; sourceTree = "<group>"; };
		76B869C62993D01800CA29E3 /* Coordinatable.swift */ = {isa = PBXFileReference; lastKnownFileType = sourcecode.swift; path = Coordinatable.swift; sourceTree = "<group>"; };
		76B869C82993D09C00CA29E3 /* AppCoordinator.swift */ = {isa = PBXFileReference; lastKnownFileType = sourcecode.swift; path = AppCoordinator.swift; sourceTree = "<group>"; };
		76C1C69B2A1CB518000A8EFC /* Navigation_NebesniyTests.xctest */ = {isa = PBXFileReference; explicitFileType = wrapper.cfbundle; includeInIndex = 0; path = Navigation_NebesniyTests.xctest; sourceTree = BUILT_PRODUCTS_DIR; };
		76C1C69D2A1CB518000A8EFC /* Navigation_NebesniyTests.swift */ = {isa = PBXFileReference; lastKnownFileType = sourcecode.swift; path = Navigation_NebesniyTests.swift; sourceTree = "<group>"; };
		76C1C6A42A1CB624000A8EFC /* FeedViewModelTest.swift */ = {isa = PBXFileReference; lastKnownFileType = sourcecode.swift; path = FeedViewModelTest.swift; sourceTree = "<group>"; };
		76C6D03029CC70DF004185D7 /* RealmService.swift */ = {isa = PBXFileReference; lastKnownFileType = sourcecode.swift; path = RealmService.swift; sourceTree = "<group>"; };
		76C6D03229CC70FB004185D7 /* LoginRealmModel.swift */ = {isa = PBXFileReference; lastKnownFileType = sourcecode.swift; path = LoginRealmModel.swift; sourceTree = "<group>"; };
		76C6D03429CC727F004185D7 /* LoginDataModel.swift */ = {isa = PBXFileReference; lastKnownFileType = sourcecode.swift; path = LoginDataModel.swift; sourceTree = "<group>"; };
		76CA1A8029CD9110008A2CD0 /* LikeCoordinator.swift */ = {isa = PBXFileReference; lastKnownFileType = sourcecode.swift; path = LikeCoordinator.swift; sourceTree = "<group>"; };
		76CA1A8229CD91B6008A2CD0 /* LikeViewController.swift */ = {isa = PBXFileReference; lastKnownFileType = sourcecode.swift; path = LikeViewController.swift; sourceTree = "<group>"; };
		76CA1A8529D16370008A2CD0 /* Navigtion_Nebesniy.xcdatamodel */ = {isa = PBXFileReference; lastKnownFileType = wrapper.xcdatamodel; path = Navigtion_Nebesniy.xcdatamodel; sourceTree = "<group>"; };
		76CA1A8729D16815008A2CD0 /* CoreDataService.swift */ = {isa = PBXFileReference; lastKnownFileType = sourcecode.swift; path = CoreDataService.swift; sourceTree = "<group>"; };
		76CA1A8929D1733C008A2CD0 /* StringExtention.swift */ = {isa = PBXFileReference; lastKnownFileType = sourcecode.swift; path = StringExtention.swift; sourceTree = "<group>"; };
		76CA1A8B29D2FE0B008A2CD0 /* Alerts.swift */ = {isa = PBXFileReference; lastKnownFileType = sourcecode.swift; path = Alerts.swift; sourceTree = "<group>"; };
		76D287CB2993DFAE0068A85E /* loginCoordinator.swift */ = {isa = PBXFileReference; lastKnownFileType = sourcecode.swift; path = loginCoordinator.swift; sourceTree = "<group>"; };
		76D287CD2993DFEC0068A85E /* feedCoordinator.swift */ = {isa = PBXFileReference; lastKnownFileType = sourcecode.swift; path = feedCoordinator.swift; sourceTree = "<group>"; };
		76D287D02993E0960068A85E /* tapBarController.swift */ = {isa = PBXFileReference; lastKnownFileType = sourcecode.swift; path = tapBarController.swift; sourceTree = "<group>"; };
		76D287D22994F9960068A85E /* Modul.swift */ = {isa = PBXFileReference; lastKnownFileType = sourcecode.swift; path = Modul.swift; sourceTree = "<group>"; };
		76D287D4299503A90068A85E /* FeedViewModel.swift */ = {isa = PBXFileReference; lastKnownFileType = sourcecode.swift; path = FeedViewModel.swift; sourceTree = "<group>"; };
		76D287DA299636C30068A85E /* FeedView.swift */ = {isa = PBXFileReference; lastKnownFileType = sourcecode.swift; path = FeedView.swift; sourceTree = "<group>"; };
		76DEAB5629B08C1C00451B10 /* JSONData.swift */ = {isa = PBXFileReference; lastKnownFileType = sourcecode.swift; path = JSONData.swift; sourceTree = "<group>"; };
		76E15B572A1E37840047DF7F /* LoginViewModel.swift */ = {isa = PBXFileReference; lastKnownFileType = sourcecode.swift; path = LoginViewModel.swift; sourceTree = "<group>"; };
		76E15B592A1F2CA90047DF7F /* LoginView.swift */ = {isa = PBXFileReference; lastKnownFileType = sourcecode.swift; path = LoginView.swift; sourceTree = "<group>"; };
		76E15B5D2A1F6B8C0047DF7F /* LoginViewModelTest.swift */ = {isa = PBXFileReference; lastKnownFileType = sourcecode.swift; path = LoginViewModelTest.swift; sourceTree = "<group>"; };
		76E15B612A246A8D0047DF7F /* LocalAuthorizationService.swift */ = {isa = PBXFileReference; lastKnownFileType = sourcecode.swift; path = LocalAuthorizationService.swift; sourceTree = "<group>"; };
		76E15B632A2487120047DF7F /* FaceIDError.swift */ = {isa = PBXFileReference; lastKnownFileType = sourcecode.swift; path = FaceIDError.swift; sourceTree = "<group>"; };
/* End PBXFileReference section */

/* Begin PBXFrameworksBuildPhase section */
		76755623283FA95A00E1F03A /* Frameworks */ = {
			isa = PBXFrameworksBuildPhase;
			buildActionMask = 2147483647;
			files = (
				76AE59F3297E8AD700C8C31B /* StorageService.framework in Frameworks */,
				76B869BE29910B0500CA29E3 /* iOSIntPackage in Frameworks */,
				76C6D02C29CC6F58004185D7 /* Realm in Frameworks */,
				76C6D02E29CC6F58004185D7 /* RealmSwift in Frameworks */,
				76ACA66429A4963700CF3017 /* YouTubeiOSPlayerHelper in Frameworks */,
			);
			runOnlyForDeploymentPostprocessing = 0;
		};
		76AE59DB297E8AD600C8C31B /* Frameworks */ = {
			isa = PBXFrameworksBuildPhase;
			buildActionMask = 2147483647;
			files = (
			);
			runOnlyForDeploymentPostprocessing = 0;
		};
		76AE59E4297E8AD700C8C31B /* Frameworks */ = {
			isa = PBXFrameworksBuildPhase;
			buildActionMask = 2147483647;
			files = (
				76AE59E8297E8AD700C8C31B /* StorageService.framework in Frameworks */,
			);
			runOnlyForDeploymentPostprocessing = 0;
		};
		76C1C6982A1CB518000A8EFC /* Frameworks */ = {
			isa = PBXFrameworksBuildPhase;
			buildActionMask = 2147483647;
			files = (
				76C1C6BB2A1E0E49000A8EFC /* RealmSwift in Frameworks */,
				76C1C6B92A1E0D71000A8EFC /* Realm in Frameworks */,
				76C1C6BD2A1E0EA6000A8EFC /* YouTubeiOSPlayerHelper in Frameworks */,
			);
			runOnlyForDeploymentPostprocessing = 0;
		};
/* End PBXFrameworksBuildPhase section */

/* Begin PBXGroup section */
		7675561D283FA95A00E1F03A = {
			isa = PBXGroup;
			children = (
				76755628283FA95A00E1F03A /* Navigation_Nebesniy */,
				76AE59DF297E8AD600C8C31B /* StorageService */,
				76AE59ED297E8AD700C8C31B /* StorageServiceTests */,
				76C1C69C2A1CB518000A8EFC /* Navigation_NebesniyTests */,
				76755627283FA95A00E1F03A /* Products */,
				76C1C6B72A1E0D71000A8EFC /* Frameworks */,
			);
			sourceTree = "<group>";
		};
		76755627283FA95A00E1F03A /* Products */ = {
			isa = PBXGroup;
			children = (
				76755626283FA95A00E1F03A /* Navigation_Nebesniy.app */,
				76AE59DE297E8AD600C8C31B /* StorageService.framework */,
				76AE59E7297E8AD700C8C31B /* StorageServiceTests.xctest */,
				76C1C69B2A1CB518000A8EFC /* Navigation_NebesniyTests.xctest */,
			);
			name = Products;
			sourceTree = "<group>";
		};
		76755628283FA95A00E1F03A /* Navigation_Nebesniy */ = {
			isa = PBXGroup;
			children = (
				76CA1A8429D16370008A2CD0 /* Navigation_Nebesniy.xcdatamodeld */,
				76CA1A8B29D2FE0B008A2CD0 /* Alerts.swift */,
				76D287D22994F9960068A85E /* Modul.swift */,
				762E47F328573CEF00ECAA31 /* TextFieldWithPadding.swift */,
				76AE59FF297EA26200C8C31B /* Configuration.swift */,
				76940C2229ADED050013F10E /* NetworkService */,
				76A98137299FBD64002EB8C8 /* Resources */,
				76B869C42993CFBB00CA29E3 /* App */,
				76D287CF2993E0540068A85E /* TapBar */,
				76B869C52993CFF000CA29E3 /* Coordinators */,
				76B869BF2992576C00CA29E3 /* CustomButton */,
				76B7C74C284268B900524F3F /* Profile line */,
				76B7C7492842683200524F3F /* Feed line */,
				76CA1A7F29CD90C2008A2CD0 /* Like line */,
				76755632283FA95F00E1F03A /* Assets.xcassets */,
				76755634283FA95F00E1F03A /* LaunchScreen.storyboard */,
				76755637283FA95F00E1F03A /* Info.plist */,
				76CA1A8929D1733C008A2CD0 /* StringExtention.swift */,
			);
			path = Navigation_Nebesniy;
			sourceTree = "<group>";
		};
		76940C2229ADED050013F10E /* NetworkService */ = {
			isa = PBXGroup;
			children = (
				76940C2329ADED350013F10E /* NetworkService.swift */,
			);
			path = NetworkService;
			sourceTree = "<group>";
		};
		76A98134299FB13D002EB8C8 /* MusicView */ = {
			isa = PBXGroup;
			children = (
				76A98135299FB186002EB8C8 /* MusicViewController.swift */,
				76ACA65729A1402A00CF3017 /* MusicData.swift */,
			);
			path = MusicView;
			sourceTree = "<group>";
		};
		76A98137299FBD64002EB8C8 /* Resources */ = {
			isa = PBXGroup;
			children = (
				76A98139299FBD8D002EB8C8 /* Queen.mp3 */,
				76A9813E299FE901002EB8C8 /* Каста - Выходи Гулять.mp3 */,
				76A9813B299FE8FF002EB8C8 /* lone_-_ey_bro.mp3 */,
				76A9813C299FE900002EB8C8 /* maks_korzh_-_amsterdam.mp3 */,
				76A9813D299FE900002EB8C8 /* Noize_MC_-_Vsjo_kak_u_lyudejj.mp3 */,
			);
			path = Resources;
			sourceTree = "<group>";
		};
		76ACA65929A2515F00CF3017 /* VideoView */ = {
			isa = PBXGroup;
			children = (
				76ACA65A29A2518800CF3017 /* VideoViewController.swift */,
				76ACA65C29A2522600CF3017 /* VideoTableViewCell.swift */,
				76ACA66029A252A800CF3017 /* VideoData.swift */,
			);
			path = VideoView;
			sourceTree = "<group>";
		};
		76AE59DF297E8AD600C8C31B /* StorageService */ = {
			isa = PBXGroup;
			children = (
				76AE59E0297E8AD600C8C31B /* StorageService.h */,
				76B7C7452841EB1400524F3F /* Post.swift */,
				76AE59E1297E8AD600C8C31B /* StorageService.docc */,
			);
			path = StorageService;
			sourceTree = "<group>";
		};
		76AE59ED297E8AD700C8C31B /* StorageServiceTests */ = {
			isa = PBXGroup;
			children = (
				76AE59EE297E8AD700C8C31B /* StorageServiceTests.swift */,
			);
			path = StorageServiceTests;
			sourceTree = "<group>";
		};
		76B4B6EC29746B2500500F00 /* Photos */ = {
			isa = PBXGroup;
			children = (
				766F282F297025900062BC07 /* PhotosTableViewCell.swift */,
				76B4B6EA297417B400500F00 /* PhotosViewController.swift */,
				76B4B6ED29746B6700500F00 /* PhotosCollectionViewCell.swift */,
				76B4B6EF29746FBB00500F00 /* PhotoData.swift */,
			);
			path = Photos;
			sourceTree = "<group>";
		};
		76B7C7492842683200524F3F /* Feed line */ = {
			isa = PBXGroup;
			children = (
				76B869C229927D4D00CA29E3 /* FeedModel.swift */,
				76755649284100D300E1F03A /* FeedViewController.swift */,
				76D287D4299503A90068A85E /* FeedViewModel.swift */,
				76D287DA299636C30068A85E /* FeedView.swift */,
				76ACA65929A2515F00CF3017 /* VideoView */,
				76A98134299FB13D002EB8C8 /* MusicView */,
				76B7C74A2842687C00524F3F /* Post */,
			);
			path = "Feed line";
			sourceTree = "<group>";
		};
		76B7C74A2842687C00524F3F /* Post */ = {
			isa = PBXGroup;
			children = (
				762E47F9285B5AB000ECAA31 /* PostData.swift */,
				7675564D284136D300E1F03A /* PostViewController.swift */,
				76B7C74B2842688C00524F3F /* Info */,
			);
			path = Post;
			sourceTree = "<group>";
		};
		76B7C74B2842688C00524F3F /* Info */ = {
			isa = PBXGroup;
			children = (
				76B7C7472841FF5800524F3F /* InfoViewController.swift */,
				76DEAB5629B08C1C00451B10 /* JSONData.swift */,
			);
			path = Info;
			sourceTree = "<group>";
		};
		76B7C74C284268B900524F3F /* Profile line */ = {
			isa = PBXGroup;
			children = (
				76E15B632A2487120047DF7F /* FaceIDError.swift */,
				76E15B612A246A8D0047DF7F /* LocalAuthorizationService.swift */,
				763AE9B0298BE2C000E18171 /* User.swift */,
				763AE9B2298BE97200E18171 /* UserService.swift */,
				76B63AD4298D2F7000BB30CC /* Checker.swift */,
				76B63AD6298D486600BB30CC /* LoginInspector.swift */,
				76B869BA298E990A00CA29E3 /* LoginFactory.swift */,
				76C6D03029CC70DF004185D7 /* RealmService.swift */,
				76C6D03429CC727F004185D7 /* LoginDataModel.swift */,
				76C6D03229CC70FB004185D7 /* LoginRealmModel.swift */,
				76E15B572A1E37840047DF7F /* LoginViewModel.swift */,
				762E47F52858B6BE00ECAA31 /* LogInViewController.swift */,
				76E15B592A1F2CA90047DF7F /* LoginView.swift */,
				76C6D02F29CC7033004185D7 /* Profile */,
				76B4B6EC29746B2500500F00 /* Photos */,
			);
			path = "Profile line";
			sourceTree = "<group>";
		};
		76B869BF2992576C00CA29E3 /* CustomButton */ = {
			isa = PBXGroup;
			children = (
				76B869C02992579200CA29E3 /* CustomButton.swift */,
			);
			path = CustomButton;
			sourceTree = "<group>";
		};
		76B869C42993CFBB00CA29E3 /* App */ = {
			isa = PBXGroup;
			children = (
				76755629283FA95A00E1F03A /* AppDelegate.swift */,
				7675562B283FA95A00E1F03A /* SceneDelegate.swift */,
			);
			path = App;
			sourceTree = "<group>";
		};
		76B869C52993CFF000CA29E3 /* Coordinators */ = {
			isa = PBXGroup;
			children = (
				76B869C62993D01800CA29E3 /* Coordinatable.swift */,
				76B869C82993D09C00CA29E3 /* AppCoordinator.swift */,
				76D287CB2993DFAE0068A85E /* loginCoordinator.swift */,
				76D287CD2993DFEC0068A85E /* feedCoordinator.swift */,
				76CA1A8029CD9110008A2CD0 /* LikeCoordinator.swift */,
			);
			path = Coordinators;
			sourceTree = "<group>";
		};
		76C1C69C2A1CB518000A8EFC /* Navigation_NebesniyTests */ = {
			isa = PBXGroup;
			children = (
				76C1C69D2A1CB518000A8EFC /* Navigation_NebesniyTests.swift */,
				76C1C6A42A1CB624000A8EFC /* FeedViewModelTest.swift */,
				76E15B5D2A1F6B8C0047DF7F /* LoginViewModelTest.swift */,
			);
			path = Navigation_NebesniyTests;
			sourceTree = "<group>";
		};
		76C1C6B72A1E0D71000A8EFC /* Frameworks */ = {
			isa = PBXGroup;
			children = (
			);
			name = Frameworks;
			sourceTree = "<group>";
		};
		76C6D02F29CC7033004185D7 /* Profile */ = {
			isa = PBXGroup;
			children = (
				7675564B2841256100E1F03A /* ProfileViewController.swift */,
				7630D2F6284CB78600331B0E /* ProfileHeaderView.swift */,
				762E47FB285B824D00ECAA31 /* PostTableViewCell.swift */,
			);
			path = Profile;
			sourceTree = "<group>";
		};
		76CA1A7F29CD90C2008A2CD0 /* Like line */ = {
			isa = PBXGroup;
			children = (
				76CA1A8229CD91B6008A2CD0 /* LikeViewController.swift */,
				76CA1A8729D16815008A2CD0 /* CoreDataService.swift */,
			);
			path = "Like line";
			sourceTree = "<group>";
		};
		76D287CF2993E0540068A85E /* TapBar */ = {
			isa = PBXGroup;
			children = (
				76D287D02993E0960068A85E /* tapBarController.swift */,
			);
			path = TapBar;
			sourceTree = "<group>";
		};
/* End PBXGroup section */

/* Begin PBXHeadersBuildPhase section */
		76AE59D9297E8AD600C8C31B /* Headers */ = {
			isa = PBXHeadersBuildPhase;
			buildActionMask = 2147483647;
			files = (
				76AE59F0297E8AD700C8C31B /* StorageService.h in Headers */,
			);
			runOnlyForDeploymentPostprocessing = 0;
		};
/* End PBXHeadersBuildPhase section */

/* Begin PBXNativeTarget section */
		76755625283FA95A00E1F03A /* Navigation_Nebesniy */ = {
			isa = PBXNativeTarget;
			buildConfigurationList = 7675563A283FA95F00E1F03A /* Build configuration list for PBXNativeTarget "Navigation_Nebesniy" */;
			buildPhases = (
				76755622283FA95A00E1F03A /* Sources */,
				76755623283FA95A00E1F03A /* Frameworks */,
				76755624283FA95A00E1F03A /* Resources */,
				76AE59F8297E8AD700C8C31B /* Embed Frameworks */,
			);
			buildRules = (
			);
			dependencies = (
				76AE59F2297E8AD700C8C31B /* PBXTargetDependency */,
			);
			name = Navigation_Nebesniy;
			packageProductDependencies = (
				76B869BD29910B0500CA29E3 /* iOSIntPackage */,
				76ACA66329A4963700CF3017 /* YouTubeiOSPlayerHelper */,
				76C6D02B29CC6F58004185D7 /* Realm */,
				76C6D02D29CC6F58004185D7 /* RealmSwift */,
			);
			productName = Navigation_Nebesniy;
			productReference = 76755626283FA95A00E1F03A /* Navigation_Nebesniy.app */;
			productType = "com.apple.product-type.application";
		};
		76AE59DD297E8AD600C8C31B /* StorageService */ = {
			isa = PBXNativeTarget;
			buildConfigurationList = 76AE59F5297E8AD700C8C31B /* Build configuration list for PBXNativeTarget "StorageService" */;
			buildPhases = (
				76AE59D9297E8AD600C8C31B /* Headers */,
				76AE59DA297E8AD600C8C31B /* Sources */,
				76AE59DB297E8AD600C8C31B /* Frameworks */,
				76AE59DC297E8AD600C8C31B /* Resources */,
			);
			buildRules = (
			);
			dependencies = (
			);
			name = StorageService;
			productName = StorageService;
			productReference = 76AE59DE297E8AD600C8C31B /* StorageService.framework */;
			productType = "com.apple.product-type.framework";
		};
		76AE59E6297E8AD700C8C31B /* StorageServiceTests */ = {
			isa = PBXNativeTarget;
			buildConfigurationList = 76AE59F9297E8AD700C8C31B /* Build configuration list for PBXNativeTarget "StorageServiceTests" */;
			buildPhases = (
				76AE59E3297E8AD700C8C31B /* Sources */,
				76AE59E4297E8AD700C8C31B /* Frameworks */,
				76AE59E5297E8AD700C8C31B /* Resources */,
			);
			buildRules = (
			);
			dependencies = (
				76AE59EA297E8AD700C8C31B /* PBXTargetDependency */,
				76AE59EC297E8AD700C8C31B /* PBXTargetDependency */,
			);
			name = StorageServiceTests;
			productName = StorageServiceTests;
			productReference = 76AE59E7297E8AD700C8C31B /* StorageServiceTests.xctest */;
			productType = "com.apple.product-type.bundle.unit-test";
		};
		76C1C69A2A1CB518000A8EFC /* Navigation_NebesniyTests */ = {
			isa = PBXNativeTarget;
			buildConfigurationList = 76C1C6A12A1CB518000A8EFC /* Build configuration list for PBXNativeTarget "Navigation_NebesniyTests" */;
			buildPhases = (
				76C1C6972A1CB518000A8EFC /* Sources */,
				76C1C6982A1CB518000A8EFC /* Frameworks */,
				76C1C6992A1CB518000A8EFC /* Resources */,
			);
			buildRules = (
			);
			dependencies = (
				76C1C6A02A1CB518000A8EFC /* PBXTargetDependency */,
			);
			name = Navigation_NebesniyTests;
			packageProductDependencies = (
				76C1C6B82A1E0D71000A8EFC /* Realm */,
				76C1C6BA2A1E0E49000A8EFC /* RealmSwift */,
				76C1C6BC2A1E0EA6000A8EFC /* YouTubeiOSPlayerHelper */,
			);
			productName = Navigation_NebesniyTests;
			productReference = 76C1C69B2A1CB518000A8EFC /* Navigation_NebesniyTests.xctest */;
			productType = "com.apple.product-type.bundle.unit-test";
		};
/* End PBXNativeTarget section */

/* Begin PBXProject section */
		7675561E283FA95A00E1F03A /* Project object */ = {
			isa = PBXProject;
			attributes = {
				BuildIndependentTargetsInParallel = 1;
				LastSwiftUpdateCheck = 1430;
				LastUpgradeCheck = 1430;
				TargetAttributes = {
					76755625283FA95A00E1F03A = {
						CreatedOnToolsVersion = 13.4;
					};
					76AE59DD297E8AD600C8C31B = {
						CreatedOnToolsVersion = 14.2;
					};
					76AE59E6297E8AD700C8C31B = {
						CreatedOnToolsVersion = 14.2;
						TestTargetID = 76755625283FA95A00E1F03A;
					};
					76C1C69A2A1CB518000A8EFC = {
						CreatedOnToolsVersion = 14.3;
						TestTargetID = 76755625283FA95A00E1F03A;
					};
				};
			};
			buildConfigurationList = 76755621283FA95A00E1F03A /* Build configuration list for PBXProject "Navigation_Nebesniy" */;
			compatibilityVersion = "Xcode 13.0";
			developmentRegion = en;
			hasScannedForEncodings = 0;
			knownRegions = (
				en,
				Base,
			);
			mainGroup = 7675561D283FA95A00E1F03A;
			packageReferences = (
				76B869BC29910B0400CA29E3 /* XCRemoteSwiftPackageReference "iOSIntPackage" */,
				76ACA66229A4963700CF3017 /* XCRemoteSwiftPackageReference "youtube-ios-player-helper" */,
				76C6D02A29CC6F58004185D7 /* XCRemoteSwiftPackageReference "realm-swift" */,
			);
			productRefGroup = 76755627283FA95A00E1F03A /* Products */;
			projectDirPath = "";
			projectRoot = "";
			targets = (
				76755625283FA95A00E1F03A /* Navigation_Nebesniy */,
				76AE59DD297E8AD600C8C31B /* StorageService */,
				76AE59E6297E8AD700C8C31B /* StorageServiceTests */,
				76C1C69A2A1CB518000A8EFC /* Navigation_NebesniyTests */,
			);
		};
/* End PBXProject section */

/* Begin PBXResourcesBuildPhase section */
		76755624283FA95A00E1F03A /* Resources */ = {
			isa = PBXResourcesBuildPhase;
			buildActionMask = 2147483647;
			files = (
				76A98140299FE901002EB8C8 /* maks_korzh_-_amsterdam.mp3 in Resources */,
				76A9813A299FBD8D002EB8C8 /* Queen.mp3 in Resources */,
				76A98142299FE901002EB8C8 /* Каста - Выходи Гулять.mp3 in Resources */,
				76A9813F299FE901002EB8C8 /* lone_-_ey_bro.mp3 in Resources */,
				76A98141299FE901002EB8C8 /* Noize_MC_-_Vsjo_kak_u_lyudejj.mp3 in Resources */,
				76755636283FA95F00E1F03A /* LaunchScreen.storyboard in Resources */,
				76755633283FA95F00E1F03A /* Assets.xcassets in Resources */,
			);
			runOnlyForDeploymentPostprocessing = 0;
		};
		76AE59DC297E8AD600C8C31B /* Resources */ = {
			isa = PBXResourcesBuildPhase;
			buildActionMask = 2147483647;
			files = (
			);
			runOnlyForDeploymentPostprocessing = 0;
		};
		76AE59E5297E8AD700C8C31B /* Resources */ = {
			isa = PBXResourcesBuildPhase;
			buildActionMask = 2147483647;
			files = (
			);
			runOnlyForDeploymentPostprocessing = 0;
		};
		76C1C6992A1CB518000A8EFC /* Resources */ = {
			isa = PBXResourcesBuildPhase;
			buildActionMask = 2147483647;
			files = (
			);
			runOnlyForDeploymentPostprocessing = 0;
		};
/* End PBXResourcesBuildPhase section */

/* Begin PBXSourcesBuildPhase section */
		76755622283FA95A00E1F03A /* Sources */ = {
			isa = PBXSourcesBuildPhase;
			buildActionMask = 2147483647;
			files = (
				76D287CE2993DFEC0068A85E /* feedCoordinator.swift in Sources */,
				76D287D32994F9960068A85E /* Modul.swift in Sources */,
				76CA1A8629D16370008A2CD0 /* Navigation_Nebesniy.xcdatamodeld in Sources */,
				7675564E284136D300E1F03A /* PostViewController.swift in Sources */,
				76C6D03529CC727F004185D7 /* LoginDataModel.swift in Sources */,
				76B63AD5298D2F7000BB30CC /* Checker.swift in Sources */,
				76B869C92993D09C00CA29E3 /* AppCoordinator.swift in Sources */,
				76CA1A8829D16815008A2CD0 /* CoreDataService.swift in Sources */,
				76B7C7482841FF5800524F3F /* InfoViewController.swift in Sources */,
				7675562A283FA95A00E1F03A /* AppDelegate.swift in Sources */,
				76B869C329927D4D00CA29E3 /* FeedModel.swift in Sources */,
				76ACA65B29A2518800CF3017 /* VideoViewController.swift in Sources */,
				76ACA65D29A2522600CF3017 /* VideoTableViewCell.swift in Sources */,
				76CA1A8129CD9110008A2CD0 /* LikeCoordinator.swift in Sources */,
				76B869C72993D01800CA29E3 /* Coordinatable.swift in Sources */,
				76E15B5A2A1F2CA90047DF7F /* LoginView.swift in Sources */,
				7675562C283FA95A00E1F03A /* SceneDelegate.swift in Sources */,
				76DEAB5729B08C1C00451B10 /* JSONData.swift in Sources */,
				7675564C2841256100E1F03A /* ProfileViewController.swift in Sources */,
				76CA1A8C29D2FE0B008A2CD0 /* Alerts.swift in Sources */,
				76940C2429ADED350013F10E /* NetworkService.swift in Sources */,
				76E15B582A1E37840047DF7F /* LoginViewModel.swift in Sources */,
				7675564A284100D300E1F03A /* FeedViewController.swift in Sources */,
				76B63AD7298D486600BB30CC /* LoginInspector.swift in Sources */,
				76B869BB298E990A00CA29E3 /* LoginFactory.swift in Sources */,
				76C6D03329CC70FB004185D7 /* LoginRealmModel.swift in Sources */,
				76AE5A00297EA26200C8C31B /* Configuration.swift in Sources */,
				76E15B622A246A8E0047DF7F /* LocalAuthorizationService.swift in Sources */,
				763AE9B1298BE2C000E18171 /* User.swift in Sources */,
				762E47F428573CEF00ECAA31 /* TextFieldWithPadding.swift in Sources */,
				762E47F62858B6BE00ECAA31 /* LogInViewController.swift in Sources */,
				76CA1A8A29D1733C008A2CD0 /* StringExtention.swift in Sources */,
				76C6D03129CC70DF004185D7 /* RealmService.swift in Sources */,
				76D287CC2993DFAF0068A85E /* loginCoordinator.swift in Sources */,
				76ACA66129A252A800CF3017 /* VideoData.swift in Sources */,
				76CA1A8329CD91B6008A2CD0 /* LikeViewController.swift in Sources */,
				763AE9B3298BE97200E18171 /* UserService.swift in Sources */,
				76A98136299FB186002EB8C8 /* MusicViewController.swift in Sources */,
				76D287D5299503A90068A85E /* FeedViewModel.swift in Sources */,
				76D287D12993E0960068A85E /* tapBarController.swift in Sources */,
				766F2830297025900062BC07 /* PhotosTableViewCell.swift in Sources */,
				76B4B6EE29746B6700500F00 /* PhotosCollectionViewCell.swift in Sources */,
				76AE59FE297E93E600C8C31B /* PostData.swift in Sources */,
				76B4B6EB297417B400500F00 /* PhotosViewController.swift in Sources */,
				76D287DB299636C30068A85E /* FeedView.swift in Sources */,
				76B869C12992579200CA29E3 /* CustomButton.swift in Sources */,
				7630D2F7284CB78600331B0E /* ProfileHeaderView.swift in Sources */,
				76B4B6F029746FBB00500F00 /* PhotoData.swift in Sources */,
				76E15B642A2487120047DF7F /* FaceIDError.swift in Sources */,
				76ACA65829A1402A00CF3017 /* MusicData.swift in Sources */,
				762E47FC285B824D00ECAA31 /* PostTableViewCell.swift in Sources */,
			);
			runOnlyForDeploymentPostprocessing = 0;
		};
		76AE59DA297E8AD600C8C31B /* Sources */ = {
			isa = PBXSourcesBuildPhase;
			buildActionMask = 2147483647;
			files = (
				76AE59E2297E8AD600C8C31B /* StorageService.docc in Sources */,
				76AE59FC297E8B6100C8C31B /* Post.swift in Sources */,
			);
			runOnlyForDeploymentPostprocessing = 0;
		};
		76AE59E3297E8AD700C8C31B /* Sources */ = {
			isa = PBXSourcesBuildPhase;
			buildActionMask = 2147483647;
			files = (
				76AE59EF297E8AD700C8C31B /* StorageServiceTests.swift in Sources */,
			);
			runOnlyForDeploymentPostprocessing = 0;
		};
		76C1C6972A1CB518000A8EFC /* Sources */ = {
			isa = PBXSourcesBuildPhase;
			buildActionMask = 2147483647;
			files = (
				76C1C6A52A1CB624000A8EFC /* FeedViewModelTest.swift in Sources */,
				76E15B5E2A1F6B8C0047DF7F /* LoginViewModelTest.swift in Sources */,
				76C1C69E2A1CB518000A8EFC /* Navigation_NebesniyTests.swift in Sources */,
			);
			runOnlyForDeploymentPostprocessing = 0;
		};
/* End PBXSourcesBuildPhase section */

/* Begin PBXTargetDependency section */
		76AE59EA297E8AD700C8C31B /* PBXTargetDependency */ = {
			isa = PBXTargetDependency;
			target = 76AE59DD297E8AD600C8C31B /* StorageService */;
			targetProxy = 76AE59E9297E8AD700C8C31B /* PBXContainerItemProxy */;
		};
		76AE59EC297E8AD700C8C31B /* PBXTargetDependency */ = {
			isa = PBXTargetDependency;
			target = 76755625283FA95A00E1F03A /* Navigation_Nebesniy */;
			targetProxy = 76AE59EB297E8AD700C8C31B /* PBXContainerItemProxy */;
		};
		76AE59F2297E8AD700C8C31B /* PBXTargetDependency */ = {
			isa = PBXTargetDependency;
			target = 76AE59DD297E8AD600C8C31B /* StorageService */;
			targetProxy = 76AE59F1297E8AD700C8C31B /* PBXContainerItemProxy */;
		};
		76C1C6A02A1CB518000A8EFC /* PBXTargetDependency */ = {
			isa = PBXTargetDependency;
			target = 76755625283FA95A00E1F03A /* Navigation_Nebesniy */;
			targetProxy = 76C1C69F2A1CB518000A8EFC /* PBXContainerItemProxy */;
		};
/* End PBXTargetDependency section */

/* Begin PBXVariantGroup section */
		76755634283FA95F00E1F03A /* LaunchScreen.storyboard */ = {
			isa = PBXVariantGroup;
			children = (
				76755635283FA95F00E1F03A /* Base */,
			);
			name = LaunchScreen.storyboard;
			sourceTree = "<group>";
		};
/* End PBXVariantGroup section */

/* Begin XCBuildConfiguration section */
		76755638283FA95F00E1F03A /* Debug */ = {
			isa = XCBuildConfiguration;
			buildSettings = {
				ALWAYS_SEARCH_USER_PATHS = NO;
				CLANG_ANALYZER_NONNULL = YES;
				CLANG_ANALYZER_NUMBER_OBJECT_CONVERSION = YES_AGGRESSIVE;
				CLANG_CXX_LANGUAGE_STANDARD = "gnu++17";
				CLANG_ENABLE_MODULES = YES;
				CLANG_ENABLE_OBJC_ARC = YES;
				CLANG_ENABLE_OBJC_WEAK = YES;
				CLANG_WARN_BLOCK_CAPTURE_AUTORELEASING = YES;
				CLANG_WARN_BOOL_CONVERSION = YES;
				CLANG_WARN_COMMA = YES;
				CLANG_WARN_CONSTANT_CONVERSION = YES;
				CLANG_WARN_DEPRECATED_OBJC_IMPLEMENTATIONS = YES;
				CLANG_WARN_DIRECT_OBJC_ISA_USAGE = YES_ERROR;
				CLANG_WARN_DOCUMENTATION_COMMENTS = YES;
				CLANG_WARN_EMPTY_BODY = YES;
				CLANG_WARN_ENUM_CONVERSION = YES;
				CLANG_WARN_INFINITE_RECURSION = YES;
				CLANG_WARN_INT_CONVERSION = YES;
				CLANG_WARN_NON_LITERAL_NULL_CONVERSION = YES;
				CLANG_WARN_OBJC_IMPLICIT_RETAIN_SELF = YES;
				CLANG_WARN_OBJC_LITERAL_CONVERSION = YES;
				CLANG_WARN_OBJC_ROOT_CLASS = YES_ERROR;
				CLANG_WARN_QUOTED_INCLUDE_IN_FRAMEWORK_HEADER = YES;
				CLANG_WARN_RANGE_LOOP_ANALYSIS = YES;
				CLANG_WARN_STRICT_PROTOTYPES = YES;
				CLANG_WARN_SUSPICIOUS_MOVE = YES;
				CLANG_WARN_UNGUARDED_AVAILABILITY = YES_AGGRESSIVE;
				CLANG_WARN_UNREACHABLE_CODE = YES;
				CLANG_WARN__DUPLICATE_METHOD_MATCH = YES;
				COPY_PHASE_STRIP = NO;
				DEBUG_INFORMATION_FORMAT = dwarf;
				ENABLE_STRICT_OBJC_MSGSEND = YES;
				ENABLE_TESTABILITY = YES;
				GCC_C_LANGUAGE_STANDARD = gnu11;
				GCC_DYNAMIC_NO_PIC = NO;
				GCC_NO_COMMON_BLOCKS = YES;
				GCC_OPTIMIZATION_LEVEL = 0;
				GCC_PREPROCESSOR_DEFINITIONS = (
					"DEBUG=1",
					"$(inherited)",
				);
				GCC_WARN_64_TO_32_BIT_CONVERSION = YES;
				GCC_WARN_ABOUT_RETURN_TYPE = YES_ERROR;
				GCC_WARN_UNDECLARED_SELECTOR = YES;
				GCC_WARN_UNINITIALIZED_AUTOS = YES_AGGRESSIVE;
				GCC_WARN_UNUSED_FUNCTION = YES;
				GCC_WARN_UNUSED_VARIABLE = YES;
				IPHONEOS_DEPLOYMENT_TARGET = 15.5;
				MTL_ENABLE_DEBUG_INFO = INCLUDE_SOURCE;
				MTL_FAST_MATH = YES;
				ONLY_ACTIVE_ARCH = YES;
				SDKROOT = iphoneos;
				SWIFT_ACTIVE_COMPILATION_CONDITIONS = DEBUG;
				SWIFT_OPTIMIZATION_LEVEL = "-Onone";
			};
			name = Debug;
		};
		76755639283FA95F00E1F03A /* Release */ = {
			isa = XCBuildConfiguration;
			buildSettings = {
				ALWAYS_SEARCH_USER_PATHS = NO;
				CLANG_ANALYZER_NONNULL = YES;
				CLANG_ANALYZER_NUMBER_OBJECT_CONVERSION = YES_AGGRESSIVE;
				CLANG_CXX_LANGUAGE_STANDARD = "gnu++17";
				CLANG_ENABLE_MODULES = YES;
				CLANG_ENABLE_OBJC_ARC = YES;
				CLANG_ENABLE_OBJC_WEAK = YES;
				CLANG_WARN_BLOCK_CAPTURE_AUTORELEASING = YES;
				CLANG_WARN_BOOL_CONVERSION = YES;
				CLANG_WARN_COMMA = YES;
				CLANG_WARN_CONSTANT_CONVERSION = YES;
				CLANG_WARN_DEPRECATED_OBJC_IMPLEMENTATIONS = YES;
				CLANG_WARN_DIRECT_OBJC_ISA_USAGE = YES_ERROR;
				CLANG_WARN_DOCUMENTATION_COMMENTS = YES;
				CLANG_WARN_EMPTY_BODY = YES;
				CLANG_WARN_ENUM_CONVERSION = YES;
				CLANG_WARN_INFINITE_RECURSION = YES;
				CLANG_WARN_INT_CONVERSION = YES;
				CLANG_WARN_NON_LITERAL_NULL_CONVERSION = YES;
				CLANG_WARN_OBJC_IMPLICIT_RETAIN_SELF = YES;
				CLANG_WARN_OBJC_LITERAL_CONVERSION = YES;
				CLANG_WARN_OBJC_ROOT_CLASS = YES_ERROR;
				CLANG_WARN_QUOTED_INCLUDE_IN_FRAMEWORK_HEADER = YES;
				CLANG_WARN_RANGE_LOOP_ANALYSIS = YES;
				CLANG_WARN_STRICT_PROTOTYPES = YES;
				CLANG_WARN_SUSPICIOUS_MOVE = YES;
				CLANG_WARN_UNGUARDED_AVAILABILITY = YES_AGGRESSIVE;
				CLANG_WARN_UNREACHABLE_CODE = YES;
				CLANG_WARN__DUPLICATE_METHOD_MATCH = YES;
				COPY_PHASE_STRIP = NO;
				DEBUG_INFORMATION_FORMAT = "dwarf-with-dsym";
				ENABLE_NS_ASSERTIONS = NO;
				ENABLE_STRICT_OBJC_MSGSEND = YES;
				GCC_C_LANGUAGE_STANDARD = gnu11;
				GCC_NO_COMMON_BLOCKS = YES;
				GCC_WARN_64_TO_32_BIT_CONVERSION = YES;
				GCC_WARN_ABOUT_RETURN_TYPE = YES_ERROR;
				GCC_WARN_UNDECLARED_SELECTOR = YES;
				GCC_WARN_UNINITIALIZED_AUTOS = YES_AGGRESSIVE;
				GCC_WARN_UNUSED_FUNCTION = YES;
				GCC_WARN_UNUSED_VARIABLE = YES;
				IPHONEOS_DEPLOYMENT_TARGET = 15.5;
				MTL_ENABLE_DEBUG_INFO = NO;
				MTL_FAST_MATH = YES;
				SDKROOT = iphoneos;
				SWIFT_COMPILATION_MODE = wholemodule;
				SWIFT_OPTIMIZATION_LEVEL = "-O";
				VALIDATE_PRODUCT = YES;
			};
			name = Release;
		};
		7675563B283FA95F00E1F03A /* Debug */ = {
			isa = XCBuildConfiguration;
			buildSettings = {
				ALWAYS_EMBED_SWIFT_STANDARD_LIBRARIES = YES;
				ASSETCATALOG_COMPILER_APPICON_NAME = AppIcon;
				ASSETCATALOG_COMPILER_GLOBAL_ACCENT_COLOR_NAME = AccentColor;
				CODE_SIGN_STYLE = Automatic;
				CURRENT_PROJECT_VERSION = 1;
				DEVELOPMENT_TEAM = 8CV32V4H64;
				GENERATE_INFOPLIST_FILE = YES;
				INFOPLIST_FILE = Navigation_Nebesniy/Info.plist;
				INFOPLIST_KEY_NSFaceIDUsageDescription = "Please provide FaceID for easy authentication.";
				INFOPLIST_KEY_UIApplicationSupportsIndirectInputEvents = YES;
				INFOPLIST_KEY_UILaunchStoryboardName = LaunchScreen;
				INFOPLIST_KEY_UISupportedInterfaceOrientations_iPad = "UIInterfaceOrientationPortrait UIInterfaceOrientationPortraitUpsideDown UIInterfaceOrientationLandscapeLeft UIInterfaceOrientationLandscapeRight";
				INFOPLIST_KEY_UISupportedInterfaceOrientations_iPhone = "UIInterfaceOrientationPortrait UIInterfaceOrientationLandscapeLeft UIInterfaceOrientationLandscapeRight";
				IPHONEOS_DEPLOYMENT_TARGET = 16.2;
				LD_RUNPATH_SEARCH_PATHS = (
					"$(inherited)",
					"@executable_path/Frameworks",
				);
				MARKETING_VERSION = 1.0;
				PRODUCT_BUNDLE_IDENTIFIER = "-.Navigation-Nebesniy";
				PRODUCT_NAME = "$(TARGET_NAME)";
				SWIFT_EMIT_LOC_STRINGS = YES;
				SWIFT_VERSION = 5.0;
				TARGETED_DEVICE_FAMILY = "1,2";
			};
			name = Debug;
		};
		7675563C283FA95F00E1F03A /* Release */ = {
			isa = XCBuildConfiguration;
			buildSettings = {
				ALWAYS_EMBED_SWIFT_STANDARD_LIBRARIES = YES;
				ASSETCATALOG_COMPILER_APPICON_NAME = AppIcon;
				ASSETCATALOG_COMPILER_GLOBAL_ACCENT_COLOR_NAME = AccentColor;
				CODE_SIGN_STYLE = Automatic;
				CURRENT_PROJECT_VERSION = 1;
				DEVELOPMENT_TEAM = 8CV32V4H64;
				GENERATE_INFOPLIST_FILE = YES;
				INFOPLIST_FILE = Navigation_Nebesniy/Info.plist;
				INFOPLIST_KEY_NSFaceIDUsageDescription = "Please provide FaceID for easy authentication.";
				INFOPLIST_KEY_UIApplicationSupportsIndirectInputEvents = YES;
				INFOPLIST_KEY_UILaunchStoryboardName = LaunchScreen;
				INFOPLIST_KEY_UISupportedInterfaceOrientations_iPad = "UIInterfaceOrientationPortrait UIInterfaceOrientationPortraitUpsideDown UIInterfaceOrientationLandscapeLeft UIInterfaceOrientationLandscapeRight";
				INFOPLIST_KEY_UISupportedInterfaceOrientations_iPhone = "UIInterfaceOrientationPortrait UIInterfaceOrientationLandscapeLeft UIInterfaceOrientationLandscapeRight";
				IPHONEOS_DEPLOYMENT_TARGET = 16.2;
				LD_RUNPATH_SEARCH_PATHS = (
					"$(inherited)",
					"@executable_path/Frameworks",
				);
				MARKETING_VERSION = 1.0;
				PRODUCT_BUNDLE_IDENTIFIER = "-.Navigation-Nebesniy";
				PRODUCT_NAME = "$(TARGET_NAME)";
				SWIFT_EMIT_LOC_STRINGS = YES;
				SWIFT_VERSION = 5.0;
				TARGETED_DEVICE_FAMILY = "1,2";
			};
			name = Release;
		};
		76AE59F6297E8AD700C8C31B /* Debug */ = {
			isa = XCBuildConfiguration;
			buildSettings = {
				CLANG_CXX_LANGUAGE_STANDARD = "gnu++20";
				CODE_SIGN_IDENTITY = "";
				"CODE_SIGN_IDENTITY[sdk=macosx*]" = "Apple Development";
				CODE_SIGN_STYLE = Automatic;
				CURRENT_PROJECT_VERSION = 1;
				DEFINES_MODULE = YES;
				DEVELOPMENT_TEAM = 8CV32V4H64;
				DYLIB_COMPATIBILITY_VERSION = 1;
				DYLIB_CURRENT_VERSION = 1;
				DYLIB_INSTALL_NAME_BASE = "@rpath";
				ENABLE_MODULE_VERIFIER = YES;
				GENERATE_INFOPLIST_FILE = YES;
				INFOPLIST_KEY_NSHumanReadableCopyright = "";
				INSTALL_PATH = "$(LOCAL_LIBRARY_DIR)/Frameworks";
				IPHONEOS_DEPLOYMENT_TARGET = 16.2;
				LD_RUNPATH_SEARCH_PATHS = (
					"$(inherited)",
					"@executable_path/Frameworks",
					"@loader_path/Frameworks",
				);
				MARKETING_VERSION = 1.0;
				MODULE_VERIFIER_SUPPORTED_LANGUAGES = "objective-c objective-c++";
				MODULE_VERIFIER_SUPPORTED_LANGUAGE_STANDARDS = "gnu11 gnu++20";
				PRODUCT_BUNDLE_IDENTIFIER = "-.StorageService";
				"PRODUCT_BUNDLE_IDENTIFIER[sdk=iphoneos*]" = "-IOS";
				"PRODUCT_BUNDLE_IDENTIFIER[sdk=macosx*]" = "-MACOS";
				PRODUCT_NAME = "$(TARGET_NAME:c99extidentifier)";
				SKIP_INSTALL = YES;
				SWIFT_EMIT_LOC_STRINGS = YES;
				SWIFT_VERSION = 5.0;
				TARGETED_DEVICE_FAMILY = "1,2";
				VERSIONING_SYSTEM = "apple-generic";
				VERSION_INFO_PREFIX = "";
			};
			name = Debug;
		};
		76AE59F7297E8AD700C8C31B /* Release */ = {
			isa = XCBuildConfiguration;
			buildSettings = {
				CLANG_CXX_LANGUAGE_STANDARD = "gnu++20";
				CODE_SIGN_IDENTITY = "";
				"CODE_SIGN_IDENTITY[sdk=macosx*]" = "Apple Development";
				CODE_SIGN_STYLE = Automatic;
				CURRENT_PROJECT_VERSION = 1;
				DEFINES_MODULE = YES;
				DEVELOPMENT_TEAM = 8CV32V4H64;
				DYLIB_COMPATIBILITY_VERSION = 1;
				DYLIB_CURRENT_VERSION = 1;
				DYLIB_INSTALL_NAME_BASE = "@rpath";
				ENABLE_MODULE_VERIFIER = YES;
				GENERATE_INFOPLIST_FILE = YES;
				INFOPLIST_KEY_NSHumanReadableCopyright = "";
				INSTALL_PATH = "$(LOCAL_LIBRARY_DIR)/Frameworks";
				IPHONEOS_DEPLOYMENT_TARGET = 16.2;
				LD_RUNPATH_SEARCH_PATHS = (
					"$(inherited)",
					"@executable_path/Frameworks",
					"@loader_path/Frameworks",
				);
				MARKETING_VERSION = 1.0;
				MODULE_VERIFIER_SUPPORTED_LANGUAGES = "objective-c objective-c++";
				MODULE_VERIFIER_SUPPORTED_LANGUAGE_STANDARDS = "gnu11 gnu++20";
				PRODUCT_BUNDLE_IDENTIFIER = "-.StorageService";
				"PRODUCT_BUNDLE_IDENTIFIER[sdk=iphoneos*]" = "-IOS";
				"PRODUCT_BUNDLE_IDENTIFIER[sdk=macosx*]" = "-MACOS";
				PRODUCT_NAME = "$(TARGET_NAME:c99extidentifier)";
				SKIP_INSTALL = YES;
				SWIFT_EMIT_LOC_STRINGS = YES;
				SWIFT_VERSION = 5.0;
				TARGETED_DEVICE_FAMILY = "1,2";
				VERSIONING_SYSTEM = "apple-generic";
				VERSION_INFO_PREFIX = "";
			};
			name = Release;
		};
		76AE59FA297E8AD700C8C31B /* Debug */ = {
			isa = XCBuildConfiguration;
			buildSettings = {
				ALWAYS_EMBED_SWIFT_STANDARD_LIBRARIES = YES;
				CLANG_CXX_LANGUAGE_STANDARD = "gnu++20";
				CODE_SIGN_STYLE = Automatic;
				CURRENT_PROJECT_VERSION = 1;
				DEVELOPMENT_TEAM = 8CV32V4H64;
				GENERATE_INFOPLIST_FILE = YES;
				IPHONEOS_DEPLOYMENT_TARGET = 16.2;
				MARKETING_VERSION = 1.0;
				PRODUCT_BUNDLE_IDENTIFIER = "-.StorageServiceTests";
				PRODUCT_NAME = "$(TARGET_NAME)";
				SWIFT_EMIT_LOC_STRINGS = NO;
				SWIFT_VERSION = 5.0;
				TARGETED_DEVICE_FAMILY = "1,2";
				TEST_HOST = "$(BUILT_PRODUCTS_DIR)/Navigation_Nebesniy.app/$(BUNDLE_EXECUTABLE_FOLDER_PATH)/Navigation_Nebesniy";
			};
			name = Debug;
		};
		76AE59FB297E8AD700C8C31B /* Release */ = {
			isa = XCBuildConfiguration;
			buildSettings = {
				ALWAYS_EMBED_SWIFT_STANDARD_LIBRARIES = YES;
				CLANG_CXX_LANGUAGE_STANDARD = "gnu++20";
				CODE_SIGN_STYLE = Automatic;
				CURRENT_PROJECT_VERSION = 1;
				DEVELOPMENT_TEAM = 8CV32V4H64;
				GENERATE_INFOPLIST_FILE = YES;
				IPHONEOS_DEPLOYMENT_TARGET = 16.2;
				MARKETING_VERSION = 1.0;
				PRODUCT_BUNDLE_IDENTIFIER = "-.StorageServiceTests";
				PRODUCT_NAME = "$(TARGET_NAME)";
				SWIFT_EMIT_LOC_STRINGS = NO;
				SWIFT_VERSION = 5.0;
				TARGETED_DEVICE_FAMILY = "1,2";
				TEST_HOST = "$(BUILT_PRODUCTS_DIR)/Navigation_Nebesniy.app/$(BUNDLE_EXECUTABLE_FOLDER_PATH)/Navigation_Nebesniy";
			};
			name = Release;
		};
		76C1C6A22A1CB518000A8EFC /* Debug */ = {
			isa = XCBuildConfiguration;
			buildSettings = {
				BUNDLE_LOADER = "$(TEST_HOST)";
				CLANG_CXX_LANGUAGE_STANDARD = "gnu++20";
				CODE_SIGN_STYLE = Automatic;
				CURRENT_PROJECT_VERSION = 1;
				DEVELOPMENT_TEAM = 8CV32V4H64;
				GENERATE_INFOPLIST_FILE = YES;
				IPHONEOS_DEPLOYMENT_TARGET = 16.4;
				MARKETING_VERSION = 1.0;
				PRODUCT_BUNDLE_IDENTIFIER = "-.Navigation-NebesniyTests";
				PRODUCT_NAME = "$(TARGET_NAME)";
				SWIFT_EMIT_LOC_STRINGS = NO;
				SWIFT_VERSION = 5.0;
				TARGETED_DEVICE_FAMILY = "1,2";
				TEST_HOST = "$(BUILT_PRODUCTS_DIR)/Navigation_Nebesniy.app/$(BUNDLE_EXECUTABLE_FOLDER_PATH)/Navigation_Nebesniy";
			};
			name = Debug;
		};
		76C1C6A32A1CB518000A8EFC /* Release */ = {
			isa = XCBuildConfiguration;
			buildSettings = {
				BUNDLE_LOADER = "$(TEST_HOST)";
				CLANG_CXX_LANGUAGE_STANDARD = "gnu++20";
				CODE_SIGN_STYLE = Automatic;
				CURRENT_PROJECT_VERSION = 1;
				DEVELOPMENT_TEAM = 8CV32V4H64;
				GENERATE_INFOPLIST_FILE = YES;
				IPHONEOS_DEPLOYMENT_TARGET = 16.4;
				MARKETING_VERSION = 1.0;
				PRODUCT_BUNDLE_IDENTIFIER = "-.Navigation-NebesniyTests";
				PRODUCT_NAME = "$(TARGET_NAME)";
				SWIFT_EMIT_LOC_STRINGS = NO;
				SWIFT_VERSION = 5.0;
				TARGETED_DEVICE_FAMILY = "1,2";
				TEST_HOST = "$(BUILT_PRODUCTS_DIR)/Navigation_Nebesniy.app/$(BUNDLE_EXECUTABLE_FOLDER_PATH)/Navigation_Nebesniy";
			};
			name = Release;
		};
/* End XCBuildConfiguration section */

/* Begin XCConfigurationList section */
		76755621283FA95A00E1F03A /* Build configuration list for PBXProject "Navigation_Nebesniy" */ = {
			isa = XCConfigurationList;
			buildConfigurations = (
				76755638283FA95F00E1F03A /* Debug */,
				76755639283FA95F00E1F03A /* Release */,
			);
			defaultConfigurationIsVisible = 0;
			defaultConfigurationName = Release;
		};
		7675563A283FA95F00E1F03A /* Build configuration list for PBXNativeTarget "Navigation_Nebesniy" */ = {
			isa = XCConfigurationList;
			buildConfigurations = (
				7675563B283FA95F00E1F03A /* Debug */,
				7675563C283FA95F00E1F03A /* Release */,
			);
			defaultConfigurationIsVisible = 0;
			defaultConfigurationName = Release;
		};
		76AE59F5297E8AD700C8C31B /* Build configuration list for PBXNativeTarget "StorageService" */ = {
			isa = XCConfigurationList;
			buildConfigurations = (
				76AE59F6297E8AD700C8C31B /* Debug */,
				76AE59F7297E8AD700C8C31B /* Release */,
			);
			defaultConfigurationIsVisible = 0;
			defaultConfigurationName = Release;
		};
		76AE59F9297E8AD700C8C31B /* Build configuration list for PBXNativeTarget "StorageServiceTests" */ = {
			isa = XCConfigurationList;
			buildConfigurations = (
				76AE59FA297E8AD700C8C31B /* Debug */,
				76AE59FB297E8AD700C8C31B /* Release */,
			);
			defaultConfigurationIsVisible = 0;
			defaultConfigurationName = Release;
		};
		76C1C6A12A1CB518000A8EFC /* Build configuration list for PBXNativeTarget "Navigation_NebesniyTests" */ = {
			isa = XCConfigurationList;
			buildConfigurations = (
				76C1C6A22A1CB518000A8EFC /* Debug */,
				76C1C6A32A1CB518000A8EFC /* Release */,
			);
			defaultConfigurationIsVisible = 0;
			defaultConfigurationName = Release;
		};
/* End XCConfigurationList section */

/* Begin XCRemoteSwiftPackageReference section */
		76ACA66229A4963700CF3017 /* XCRemoteSwiftPackageReference "youtube-ios-player-helper" */ = {
			isa = XCRemoteSwiftPackageReference;
			repositoryURL = "https://github.com/youtube/youtube-ios-player-helper";
			requirement = {
				kind = upToNextMajorVersion;
				minimumVersion = 1.0.0;
			};
		};
		76B869BC29910B0400CA29E3 /* XCRemoteSwiftPackageReference "iOSIntPackage" */ = {
			isa = XCRemoteSwiftPackageReference;
			repositoryURL = "https://github.com/TrueMax/iOSIntPackage.git";
			requirement = {
				kind = upToNextMajorVersion;
				minimumVersion = 3.2.3;
			};
		};
		76C6D02A29CC6F58004185D7 /* XCRemoteSwiftPackageReference "realm-swift" */ = {
			isa = XCRemoteSwiftPackageReference;
			repositoryURL = "https://github.com/realm/realm-swift";
			requirement = {
				kind = versionRange;
				maximumVersion = 10.37.0;
				minimumVersion = 10.37.0;
			};
		};
/* End XCRemoteSwiftPackageReference section */

/* Begin XCSwiftPackageProductDependency section */
		76ACA66329A4963700CF3017 /* YouTubeiOSPlayerHelper */ = {
			isa = XCSwiftPackageProductDependency;
			package = 76ACA66229A4963700CF3017 /* XCRemoteSwiftPackageReference "youtube-ios-player-helper" */;
			productName = YouTubeiOSPlayerHelper;
		};
		76B869BD29910B0500CA29E3 /* iOSIntPackage */ = {
			isa = XCSwiftPackageProductDependency;
			package = 76B869BC29910B0400CA29E3 /* XCRemoteSwiftPackageReference "iOSIntPackage" */;
			productName = iOSIntPackage;
		};
		76C1C6B82A1E0D71000A8EFC /* Realm */ = {
			isa = XCSwiftPackageProductDependency;
			package = 76C6D02A29CC6F58004185D7 /* XCRemoteSwiftPackageReference "realm-swift" */;
			productName = Realm;
		};
		76C1C6BA2A1E0E49000A8EFC /* RealmSwift */ = {
			isa = XCSwiftPackageProductDependency;
			package = 76C6D02A29CC6F58004185D7 /* XCRemoteSwiftPackageReference "realm-swift" */;
			productName = RealmSwift;
		};
		76C1C6BC2A1E0EA6000A8EFC /* YouTubeiOSPlayerHelper */ = {
			isa = XCSwiftPackageProductDependency;
			package = 76ACA66229A4963700CF3017 /* XCRemoteSwiftPackageReference "youtube-ios-player-helper" */;
			productName = YouTubeiOSPlayerHelper;
		};
		76C6D02B29CC6F58004185D7 /* Realm */ = {
			isa = XCSwiftPackageProductDependency;
			package = 76C6D02A29CC6F58004185D7 /* XCRemoteSwiftPackageReference "realm-swift" */;
			productName = Realm;
		};
		76C6D02D29CC6F58004185D7 /* RealmSwift */ = {
			isa = XCSwiftPackageProductDependency;
			package = 76C6D02A29CC6F58004185D7 /* XCRemoteSwiftPackageReference "realm-swift" */;
			productName = RealmSwift;
		};
/* End XCSwiftPackageProductDependency section */

/* Begin XCVersionGroup section */
		76CA1A8429D16370008A2CD0 /* Navigation_Nebesniy.xcdatamodeld */ = {
			isa = XCVersionGroup;
			children = (
				76CA1A8529D16370008A2CD0 /* Navigtion_Nebesniy.xcdatamodel */,
			);
			currentVersion = 76CA1A8529D16370008A2CD0 /* Navigtion_Nebesniy.xcdatamodel */;
			path = Navigation_Nebesniy.xcdatamodeld;
			sourceTree = "<group>";
			versionGroupType = wrapper.xcdatamodel;
		};
/* End XCVersionGroup section */
	};
	rootObject = 7675561E283FA95A00E1F03A /* Project object */;
}
